{
  "name": "source",
  "lockfileVersion": 3,
  "requires": true,
  "packages": {
    "": {
      "dependencies": {
        "@miniprogram-component-plus/sticky": "^1.0.1",
        "tdesign-miniprogram": "^1.4.3"
      }
    },
    "node_modules/@miniprogram-component-plus/sticky": {
      "version": "1.0.1",
      "resolved": "https://registry.npmmirror.com/@miniprogram-component-plus/sticky/-/sticky-1.0.1.tgz",
      "integrity": "sha512-HYZ/PCm8KjUSQYwMLG61bhHBKU8s9aDx5Tl2BvruAku8bvEbyd8A3Povpb9V6lPPvsD/oXp2R7/GmgsCgDuI4g=="
    },
    "node_modules/dayjs": {
      "version": "1.11.10",
      "resolved": "https://registry.npmmirror.com/dayjs/-/dayjs-1.11.10.tgz",
      "integrity": "sha512-vjAczensTgRcqDERK0SR2XMwsF/tSvnvlv6VcF2GIhg6Sx4yOIt/irsr1RDJsKiIyBzJDpCoXiWWq28MqH2cnQ=="
    },
    "node_modules/tdesign-miniprogram": {
      "version": "1.4.3",
      "resolved": "https://registry.npmjs.org/tdesign-miniprogram/-/tdesign-miniprogram-1.4.3.tgz",
      "integrity": "sha512-R/qYoV8/VlMqzSavdptuBKPm1E5KbAiCaZtVsQZxNHVXXq/XxiDXUB0LQLZR+81s7zNEahESvHb6PtUMTCKO5A==",
      "dependencies": {
        "dayjs": "^1.10.7"
      }
    }
  }
}
