{
  "name": "source",
  "lockfileVersion": 3,
  "requires": true,
  "packages": {
    "": {
      "dependencies": {
        "tdesign-miniprogram": "^1.5.1"
      }
    },
    "node_modules/dayjs": {
      "version": "1.11.12",
      "resolved": "https://registry.npmjs.org/dayjs/-/dayjs-1.11.12.tgz",
      "integrity": "sha512-Rt2g+nTbLlDWZTwwrIXjy9MeiZmSDI375FvZs72ngxx8PDC6YXOeR3q5LAuPzjZQxhiWdRKac7RKV+YyQYfYIg==",
      "license": "MIT"
    },
    "node_modules/tdesign-miniprogram": {
      "version": "1.5.1",
      "resolved": "https://registry.npmjs.org/tdesign-miniprogram/-/tdesign-miniprogram-1.5.1.tgz",
      "integrity": "sha512-QnZJk5WRWdiUHGcQZvl/p6z6KUJE6MWBNaeWnrW2MgYeCLVaUEAMZMyqiVCy/zNDF9GtjtDeimG856FGRu/pOA==",
      "dependencies": {
        "dayjs": "^1.10.7"
      }
    }
  }
}
