# THIS IS AN AUTOGENERATED FILE. DO NOT EDIT THIS FILE DIRECTLY.
# yarn lockfile v1


dayjs@^1.10.7:
  version "1.11.12"
  resolved "https://registry.yarnpkg.com/dayjs/-/dayjs-1.11.12.tgz#5245226cc7f40a15bf52e0b99fd2a04669ccac1d"
  integrity sha512-Rt2g+nTbLlDWZTwwrIXjy9MeiZmSDI375FvZs72ngxx8PDC6YXOeR3q5LAuPzjZQxhiWdRKac7RKV+YyQYfYIg==

tdesign-miniprogram@^1.5.0:
  version "1.5.0"
  resolved "https://registry.yarnpkg.com/tdesign-miniprogram/-/tdesign-miniprogram-1.5.0.tgz#2523de22775d42e838616cb2b22ca86fe41f0eb1"
  integrity sha512-MjZj4ulBpa5wIfvfHf64nbRinW5LpM5BEFMTA+OkiTHz8yCmjAkg/S7TdiZpLwXAbrVQChmHpLCxgy+cRYA5bA==
  dependencies:
    dayjs "^1.10.7"
