# THIS IS AN AUTOGENERATED FILE. DO NOT EDIT THIS FILE DIRECTLY.
# yarn lockfile v1


dayjs@^1.10.7:
  version "1.11.13"
  resolved "https://registry.npmjs.org/dayjs/-/dayjs-1.11.13.tgz"
  integrity sha512-oaMBel6gjolK862uaPQOVTA7q3TZhuSvuMQAAglQDOWYO9A91IrAOUJEyKVlqJlHE0vq5p5UXxzdPfMH/x6xNg==

extract-urls@^1.4.1:
  version "1.4.1"
  resolved "https://registry.yarnpkg.com/extract-urls/-/extract-urls-1.4.1.tgz#d45acd0cf9b4728cdb6605d8f0614b56ab02c2e1"
  integrity sha512-SAzLx5yMh7Ocf09g7wyjZeS6mwiitUvMFeWmlll+vOOf4/iFnidXpCavBL2cYhaYci5gKG/ZYAC38zONlLFzBA==

semver@^7.6.3:
  version "7.6.3"
  resolved "https://registry.npmjs.org/semver/-/semver-7.6.3.tgz"
  integrity sha512-oVekP1cKtI+CTDvHWYFUcMtsK/00wmAEfyqKfNdARm8u1wNVhSgaX7A8d4UuIlUI5e84iEwOhs7ZPYRmzU9U6A==

tdesign-miniprogram@^1.8.0:
  version "1.8.0"
  resolved "https://registry.yarnpkg.com/tdesign-miniprogram/-/tdesign-miniprogram-1.8.0.tgz#3cd4d77af96345d072bfbb5b0f93aed2de955601"
  integrity sha512-/ecDMkcrA6J1ocJ30N4AAxdPTbRz2gpigW1NEHu1TwTXHx0STG0FOpgJGoU1WYCyJRPv72kgYfF9VgZjZqxJMg==
  dependencies:
    dayjs "^1.10.7"
    tinycolor2 "^1.4.2"

tinycolor2@^1.4.2:
  version "1.6.0"
  resolved "https://registry.yarnpkg.com/tinycolor2/-/tinycolor2-1.6.0.tgz#f98007460169b0263b97072c5ae92484ce02d09e"
  integrity sha512-XPaBkWQJdsf3pLKJV9p4qN/S+fm2Oj8AIPo1BTUhg5oxkvm9+SVEGFdhyOz7tTdUTfvxMiAs4sp6/eZO2Ew+pw==
