# THIS IS AN AUTOGENERATED FILE. DO NOT EDIT THIS FILE DIRECTLY.
# yarn lockfile v1


dayjs@^1.10.7:
  version "1.11.13"
  resolved "https://registry.npmjs.org/dayjs/-/dayjs-1.11.13.tgz"
  integrity sha512-oaMBel6gjolK862uaPQOVTA7q3TZhuSvuMQAAglQDOWYO9A91IrAOUJEyKVlqJlHE0vq5p5UXxzdPfMH/x6xNg==

extract-urls@^1.4.1:
  version "1.4.1"
  resolved "https://registry.yarnpkg.com/extract-urls/-/extract-urls-1.4.1.tgz#d45acd0cf9b4728cdb6605d8f0614b56ab02c2e1"
  integrity sha512-SAzLx5yMh7Ocf09g7wyjZeS6mwiitUvMFeWmlll+vOOf4/iFnidXpCavBL2cYhaYci5gKG/ZYAC38zONlLFzBA==

semver@^7.6.3:
  version "7.6.3"
  resolved "https://registry.npmjs.org/semver/-/semver-7.6.3.tgz"
  integrity sha512-oVekP1cKtI+CTDvHWYFUcMtsK/00wmAEfyqKfNdARm8u1wNVhSgaX7A8d4UuIlUI5e84iEwOhs7ZPYRmzU9U6A==

tdesign-miniprogram@^1.6.1:
  version "1.6.1"
  resolved "https://registry.yarnpkg.com/tdesign-miniprogram/-/tdesign-miniprogram-1.6.1.tgz#08a6168176835261a60d5abc5adb57600dde5248"
  integrity sha512-APgNNRupNaZrOnta3WWTyDjnlsyg3gDiJO6FdXo9n4I8cVozInXbhMrqZ+6eqdOVowveI8wCaGYhBAsGe7NHGA==
  dependencies:
    dayjs "^1.10.7"
